// !$*UTF8*$!
{
	archiveVersion = 1;
	classes = {
	};
	objectVersion = 50;
	objects = {

/* Begin PBXBuildFile section */
		18244BDFD2E63A0D04FAEBD1 /* Pods_MemeMe.framework in Frameworks */ = {isa = PBXBuildFile; fileRef = 3A2300DBF24CE63A2428CBEB /* Pods_MemeMe.framework */; };
		4500D8DE2215692E0043F158 /* MemeTableViewCell.swift in Sources */ = {isa = PBXBuildFile; fileRef = 4500D8DD2215692E0043F158 /* MemeTableViewCell.swift */; };
		4500D8E022156A1B0043F158 /* MemeTableViewController.swift in Sources */ = {isa = PBXBuildFile; fileRef = 4500D8DF22156A1B0043F158 /* MemeTableViewController.swift */; };
		4500D8E222156C4F0043F158 /* MemesManager.swift in Sources */ = {isa = PBXBuildFile; fileRef = 4500D8E122156C4F0043F158 /* MemesManager.swift */; };
		4500D8E42215875F0043F158 /* MemeCollectionViewCell.swift in Sources */ = {isa = PBXBuildFile; fileRef = 4500D8E32215875F0043F158 /* MemeCollectionViewCell.swift */; };
		4500D8E6221587B40043F158 /* MemesCollectionViewController.swift in Sources */ = {isa = PBXBuildFile; fileRef = 4500D8E5221587B40043F158 /* MemesCollectionViewController.swift */; };
		455D9B7C21DE000F0035D99B /* AppDelegate.swift in Sources */ = {isa = PBXBuildFile; fileRef = 455D9B7B21DE000F0035D99B /* AppDelegate.swift */; };
		455D9B8121DE000F0035D99B /* Main.storyboard in Resources */ = {isa = PBXBuildFile; fileRef = 455D9B7F21DE000F0035D99B /* Main.storyboard */; };
		455D9B8321DE00100035D99B /* Assets.xcassets in Resources */ = {isa = PBXBuildFile; fileRef = 455D9B8221DE00100035D99B /* Assets.xcassets */; };
		455D9B8621DE00100035D99B /* LaunchScreen.storyboard in Resources */ = {isa = PBXBuildFile; fileRef = 455D9B8421DE00100035D99B /* LaunchScreen.storyboard */; };
		455D9B9221DE04FA0035D99B /* Meme.swift in Sources */ = {isa = PBXBuildFile; fileRef = 455D9B9121DE04FA0035D99B /* Meme.swift */; };
		455D9B9421DE05500035D99B /* MemeViewController.swift in Sources */ = {isa = PBXBuildFile; fileRef = 455D9B9321DE05500035D99B /* MemeViewController.swift */; };
		45E5C97C2218518D0041905F /* MemeDetailsViewController.swift in Sources */ = {isa = PBXBuildFile; fileRef = 45E5C97B2218518D0041905F /* MemeDetailsViewController.swift */; };
		45F24ACF21E210FB00B60BA3 /* CustomizeFontFamilyViewController.swift in Sources */ = {isa = PBXBuildFile; fileRef = 45F24ACE21E210FB00B60BA3 /* CustomizeFontFamilyViewController.swift */; };
		45F24AD221E211DC00B60BA3 /* MemeDelegate.swift in Sources */ = {isa = PBXBuildFile; fileRef = 45F24AD121E211DC00B60BA3 /* MemeDelegate.swift */; };
		45F24AD421E214A600B60BA3 /* CustomizeFontSizeViewController.swift in Sources */ = {isa = PBXBuildFile; fileRef = 45F24AD321E214A600B60BA3 /* CustomizeFontSizeViewController.swift */; };
		45F24AD721E2216800B60BA3 /* ColorCollectionViewCell.swift in Sources */ = {isa = PBXBuildFile; fileRef = 45F24AD621E2216800B60BA3 /* ColorCollectionViewCell.swift */; };
		45F24AD921E2224C00B60BA3 /* ColorPickerViewController.swift in Sources */ = {isa = PBXBuildFile; fileRef = 45F24AD821E2224C00B60BA3 /* ColorPickerViewController.swift */; };
/* End PBXBuildFile section */

/* Begin PBXFileReference section */
		3A2300DBF24CE63A2428CBEB /* Pods_MemeMe.framework */ = {isa = PBXFileReference; explicitFileType = wrapper.framework; includeInIndex = 0; path = Pods_MemeMe.framework; sourceTree = BUILT_PRODUCTS_DIR; };
		4500D8DD2215692E0043F158 /* MemeTableViewCell.swift */ = {isa = PBXFileReference; lastKnownFileType = sourcecode.swift; path = MemeTableViewCell.swift; sourceTree = "<group>"; };
		4500D8DF22156A1B0043F158 /* MemeTableViewController.swift */ = {isa = PBXFileReference; lastKnownFileType = sourcecode.swift; path = MemeTableViewController.swift; sourceTree = "<group>"; };
		4500D8E122156C4F0043F158 /* MemesManager.swift */ = {isa = PBXFileReference; lastKnownFileType = sourcecode.swift; path = MemesManager.swift; sourceTree = "<group>"; };
		4500D8E32215875F0043F158 /* MemeCollectionViewCell.swift */ = {isa = PBXFileReference; lastKnownFileType = sourcecode.swift; path = MemeCollectionViewCell.swift; sourceTree = "<group>"; };
		4500D8E5221587B40043F158 /* MemesCollectionViewController.swift */ = {isa = PBXFileReference; lastKnownFileType = sourcecode.swift; path = MemesCollectionViewController.swift; sourceTree = "<group>"; };
		455D9B7821DE000F0035D99B /* MemeMe.app */ = {isa = PBXFileReference; explicitFileType = wrapper.application; includeInIndex = 0; path = MemeMe.app; sourceTree = BUILT_PRODUCTS_DIR; };
		455D9B7B21DE000F0035D99B /* AppDelegate.swift */ = {isa = PBXFileReference; lastKnownFileType = sourcecode.swift; path = AppDelegate.swift; sourceTree = "<group>"; };
		455D9B8021DE000F0035D99B /* Base */ = {isa = PBXFileReference; lastKnownFileType = file.storyboard; name = Base; path = Base.lproj/Main.storyboard; sourceTree = "<group>"; };
		455D9B8221DE00100035D99B /* Assets.xcassets */ = {isa = PBXFileReference; lastKnownFileType = folder.assetcatalog; path = Assets.xcassets; sourceTree = "<group>"; };
		455D9B8521DE00100035D99B /* Base */ = {isa = PBXFileReference; lastKnownFileType = file.storyboard; name = Base; path = Base.lproj/LaunchScreen.storyboard; sourceTree = "<group>"; };
		455D9B8721DE00100035D99B /* Info.plist */ = {isa = PBXFileReference; lastKnownFileType = text.plist.xml; path = Info.plist; sourceTree = "<group>"; };
		455D9B9121DE04FA0035D99B /* Meme.swift */ = {isa = PBXFileReference; lastKnownFileType = sourcecode.swift; path = Meme.swift; sourceTree = "<group>"; };
		455D9B9321DE05500035D99B /* MemeViewController.swift */ = {isa = PBXFileReference; lastKnownFileType = sourcecode.swift; path = MemeViewController.swift; sourceTree = "<group>"; };
		45E5C97B2218518D0041905F /* MemeDetailsViewController.swift */ = {isa = PBXFileReference; lastKnownFileType = sourcecode.swift; path = MemeDetailsViewController.swift; sourceTree = "<group>"; };
		45F24ACE21E210FB00B60BA3 /* CustomizeFontFamilyViewController.swift */ = {isa = PBXFileReference; lastKnownFileType = sourcecode.swift; path = CustomizeFontFamilyViewController.swift; sourceTree = "<group>"; };
		45F24AD121E211DC00B60BA3 /* MemeDelegate.swift */ = {isa = PBXFileReference; lastKnownFileType = sourcecode.swift; path = MemeDelegate.swift; sourceTree = "<group>"; };
		45F24AD321E214A600B60BA3 /* CustomizeFontSizeViewController.swift */ = {isa = PBXFileReference; lastKnownFileType = sourcecode.swift; path = CustomizeFontSizeViewController.swift; sourceTree = "<group>"; };
		45F24AD621E2216800B60BA3 /* ColorCollectionViewCell.swift */ = {isa = PBXFileReference; lastKnownFileType = sourcecode.swift; path = ColorCollectionViewCell.swift; sourceTree = "<group>"; };
		45F24AD821E2224C00B60BA3 /* ColorPickerViewController.swift */ = {isa = PBXFileReference; lastKnownFileType = sourcecode.swift; path = ColorPickerViewController.swift; sourceTree = "<group>"; };
		A1C39776338B9D51ED9F809F /* Pods-MemeMe.debug.xcconfig */ = {isa = PBXFileReference; includeInIndex = 1; lastKnownFileType = text.xcconfig; name = "Pods-MemeMe.debug.xcconfig"; path = "Pods/Target Support Files/Pods-MemeMe/Pods-MemeMe.debug.xcconfig"; sourceTree = "<group>"; };
		B6B30D0969F6D5115735A243 /* Pods-MemeMe.release.xcconfig */ = {isa = PBXFileReference; includeInIndex = 1; lastKnownFileType = text.xcconfig; name = "Pods-MemeMe.release.xcconfig"; path = "Pods/Target Support Files/Pods-MemeMe/Pods-MemeMe.release.xcconfig"; sourceTree = "<group>"; };
/* End PBXFileReference section */

/* Begin PBXFrameworksBuildPhase section */
		455D9B7521DE000F0035D99B /* Frameworks */ = {
			isa = PBXFrameworksBuildPhase;
			buildActionMask = 2147483647;
			files = (
				18244BDFD2E63A0D04FAEBD1 /* Pods_MemeMe.framework in Frameworks */,
			);
			runOnlyForDeploymentPostprocessing = 0;
		};
/* End PBXFrameworksBuildPhase section */

/* Begin PBXGroup section */
		188F5EE93FD8FC3C08BB8576 /* Pods */ = {
			isa = PBXGroup;
			children = (
				A1C39776338B9D51ED9F809F /* Pods-MemeMe.debug.xcconfig */,
				B6B30D0969F6D5115735A243 /* Pods-MemeMe.release.xcconfig */,
			);
			name = Pods;
			sourceTree = "<group>";
		};
		452C122921DFF79A009B00C4 /* Helpers */ = {
			isa = PBXGroup;
			children = (
			);
			path = Helpers;
			sourceTree = "<group>";
		};
		455D9B6F21DE000F0035D99B = {
			isa = PBXGroup;
			children = (
				455D9B7A21DE000F0035D99B /* MemeMe */,
				455D9B7921DE000F0035D99B /* Products */,
				188F5EE93FD8FC3C08BB8576 /* Pods */,
				F7036C345F47ED33576601B5 /* Frameworks */,
			);
			sourceTree = "<group>";
		};
		455D9B7921DE000F0035D99B /* Products */ = {
			isa = PBXGroup;
			children = (
				455D9B7821DE000F0035D99B /* MemeMe.app */,
			);
			name = Products;
			sourceTree = "<group>";
		};
		455D9B7A21DE000F0035D99B /* MemeMe */ = {
			isa = PBXGroup;
			children = (
				45F24AD521E2214200B60BA3 /* Cells */,
				45F24AD021E211CE00B60BA3 /* Protocols */,
				452C122921DFF79A009B00C4 /* Helpers */,
				455D9B9021DE04E80035D99B /* Data */,
				455D9B8F21DE00A20035D99B /* Utils */,
				455D9B8E21DE00910035D99B /* Views */,
				455D9B8D21DE00820035D99B /* Controllers */,
				455D9B7B21DE000F0035D99B /* AppDelegate.swift */,
				455D9B8721DE00100035D99B /* Info.plist */,
			);
			path = MemeMe;
			sourceTree = "<group>";
		};
		455D9B8D21DE00820035D99B /* Controllers */ = {
			isa = PBXGroup;
			children = (
				455D9B9321DE05500035D99B /* MemeViewController.swift */,
				45F24ACE21E210FB00B60BA3 /* CustomizeFontFamilyViewController.swift */,
				45F24AD321E214A600B60BA3 /* CustomizeFontSizeViewController.swift */,
				45F24AD821E2224C00B60BA3 /* ColorPickerViewController.swift */,
				4500D8DF22156A1B0043F158 /* MemeTableViewController.swift */,
				4500D8E5221587B40043F158 /* MemesCollectionViewController.swift */,
				45E5C97B2218518D0041905F /* MemeDetailsViewController.swift */,
			);
			path = Controllers;
			sourceTree = "<group>";
		};
		455D9B8E21DE00910035D99B /* Views */ = {
			isa = PBXGroup;
			children = (
				455D9B8421DE00100035D99B /* LaunchScreen.storyboard */,
				455D9B7F21DE000F0035D99B /* Main.storyboard */,
			);
			path = Views;
			sourceTree = "<group>";
		};
		455D9B8F21DE00A20035D99B /* Utils */ = {
			isa = PBXGroup;
			children = (
				455D9B8221DE00100035D99B /* Assets.xcassets */,
			);
			path = Utils;
			sourceTree = "<group>";
		};
		455D9B9021DE04E80035D99B /* Data */ = {
			isa = PBXGroup;
			children = (
				455D9B9121DE04FA0035D99B /* Meme.swift */,
				4500D8E122156C4F0043F158 /* MemesManager.swift */,
			);
			path = Data;
			sourceTree = "<group>";
		};
		45F24AD021E211CE00B60BA3 /* Protocols */ = {
			isa = PBXGroup;
			children = (
				45F24AD121E211DC00B60BA3 /* MemeDelegate.swift */,
			);
			path = Protocols;
			sourceTree = "<group>";
		};
		45F24AD521E2214200B60BA3 /* Cells */ = {
			isa = PBXGroup;
			children = (
				45F24AD621E2216800B60BA3 /* ColorCollectionViewCell.swift */,
				4500D8DD2215692E0043F158 /* MemeTableViewCell.swift */,
				4500D8E32215875F0043F158 /* MemeCollectionViewCell.swift */,
			);
			path = Cells;
			sourceTree = "<group>";
		};
		F7036C345F47ED33576601B5 /* Frameworks */ = {
			isa = PBXGroup;
			children = (
				3A2300DBF24CE63A2428CBEB /* Pods_MemeMe.framework */,
			);
			name = Frameworks;
			sourceTree = "<group>";
		};
/* End PBXGroup section */

/* Begin PBXNativeTarget section */
		455D9B7721DE000F0035D99B /* MemeMe */ = {
			isa = PBXNativeTarget;
			buildConfigurationList = 455D9B8A21DE00100035D99B /* Build configuration list for PBXNativeTarget "MemeMe" */;
			buildPhases = (
				F0A2CC97172699B8EE2E71D2 /* [CP] Check Pods Manifest.lock */,
				455D9B7421DE000F0035D99B /* Sources */,
				455D9B7521DE000F0035D99B /* Frameworks */,
				455D9B7621DE000F0035D99B /* Resources */,
				F68E40F85F0BC08775723631 /* [CP] Embed Pods Frameworks */,
			);
			buildRules = (
			);
			dependencies = (
			);
			name = MemeMe;
			productName = MemeMe;
			productReference = 455D9B7821DE000F0035D99B /* MemeMe.app */;
			productType = "com.apple.product-type.application";
		};
/* End PBXNativeTarget section */

/* Begin PBXProject section */
		455D9B7021DE000F0035D99B /* Project object */ = {
			isa = PBXProject;
			attributes = {
				LastSwiftUpdateCheck = 1010;
				LastUpgradeCheck = 1010;
				ORGANIZATIONNAME = "Ara Tech";
				TargetAttributes = {
					455D9B7721DE000F0035D99B = {
						CreatedOnToolsVersion = 10.1;
					};
				};
			};
			buildConfigurationList = 455D9B7321DE000F0035D99B /* Build configuration list for PBXProject "MemeMe" */;
			compatibilityVersion = "Xcode 9.3";
			developmentRegion = en;
			hasScannedForEncodings = 0;
			knownRegions = (
				en,
				Base,
			);
			mainGroup = 455D9B6F21DE000F0035D99B;
			productRefGroup = 455D9B7921DE000F0035D99B /* Products */;
			projectDirPath = "";
			projectRoot = "";
			targets = (
				455D9B7721DE000F0035D99B /* MemeMe */,
			);
		};
/* End PBXProject section */

/* Begin PBXResourcesBuildPhase section */
		455D9B7621DE000F0035D99B /* Resources */ = {
			isa = PBXResourcesBuildPhase;
			buildActionMask = 2147483647;
			files = (
				455D9B8621DE00100035D99B /* LaunchScreen.storyboard in Resources */,
				455D9B8321DE00100035D99B /* Assets.xcassets in Resources */,
				455D9B8121DE000F0035D99B /* Main.storyboard in Resources */,
			);
			runOnlyForDeploymentPostprocessing = 0;
		};
/* End PBXResourcesBuildPhase section */

/* Begin PBXShellScriptBuildPhase section */
		F0A2CC97172699B8EE2E71D2 /* [CP] Check Pods Manifest.lock */ = {
			isa = PBXShellScriptBuildPhase;
			buildActionMask = 2147483647;
			files = (
			);
			inputPaths = (
				"${PODS_PODFILE_DIR_PATH}/Podfile.lock",
				"${PODS_ROOT}/Manifest.lock",
			);
			name = "[CP] Check Pods Manifest.lock";
			outputPaths = (
				"$(DERIVED_FILE_DIR)/Pods-MemeMe-checkManifestLockResult.txt",
			);
			runOnlyForDeploymentPostprocessing = 0;
			shellPath = /bin/sh;
			shellScript = "diff \"${PODS_PODFILE_DIR_PATH}/Podfile.lock\" \"${PODS_ROOT}/Manifest.lock\" > /dev/null\nif [ $? != 0 ] ; then\n    # print error to STDERR\n    echo \"error: The sandbox is not in sync with the Podfile.lock. Run 'pod install' or update your CocoaPods installation.\" >&2\n    exit 1\nfi\n# This output is used by Xcode 'outputs' to avoid re-running this script phase.\necho \"SUCCESS\" > \"${SCRIPT_OUTPUT_FILE_0}\"\n";
			showEnvVarsInLog = 0;
		};
		F68E40F85F0BC08775723631 /* [CP] Embed Pods Frameworks */ = {
			isa = PBXShellScriptBuildPhase;
			buildActionMask = 2147483647;
			files = (
			);
			inputPaths = (
				"${SRCROOT}/Pods/Target Support Files/Pods-MemeMe/Pods-MemeMe-frameworks.sh",
				"${BUILT_PRODUCTS_DIR}/MaterialComponents/MaterialComponents.framework",
			);
			name = "[CP] Embed Pods Frameworks";
			outputPaths = (
				"${TARGET_BUILD_DIR}/${FRAMEWORKS_FOLDER_PATH}/MaterialComponents.framework",
			);
			runOnlyForDeploymentPostprocessing = 0;
			shellPath = /bin/sh;
			shellScript = "\"${SRCROOT}/Pods/Target Support Files/Pods-MemeMe/Pods-MemeMe-frameworks.sh\"\n";
			showEnvVarsInLog = 0;
		};
/* End PBXShellScriptBuildPhase section */

/* Begin PBXSourcesBuildPhase section */
		455D9B7421DE000F0035D99B /* Sources */ = {
			isa = PBXSourcesBuildPhase;
			buildActionMask = 2147483647;
			files = (
				45F24AD221E211DC00B60BA3 /* MemeDelegate.swift in Sources */,
				45F24AD721E2216800B60BA3 /* ColorCollectionViewCell.swift in Sources */,
				455D9B9221DE04FA0035D99B /* Meme.swift in Sources */,
				45E5C97C2218518D0041905F /* MemeDetailsViewController.swift in Sources */,
				4500D8E222156C4F0043F158 /* MemesManager.swift in Sources */,
				4500D8E022156A1B0043F158 /* MemeTableViewController.swift in Sources */,
				45F24AD421E214A600B60BA3 /* CustomizeFontSizeViewController.swift in Sources */,
				4500D8E42215875F0043F158 /* MemeCollectionViewCell.swift in Sources */,
				45F24ACF21E210FB00B60BA3 /* CustomizeFontFamilyViewController.swift in Sources */,
				455D9B9421DE05500035D99B /* MemeViewController.swift in Sources */,
				4500D8DE2215692E0043F158 /* MemeTableViewCell.swift in Sources */,
				45F24AD921E2224C00B60BA3 /* ColorPickerViewController.swift in Sources */,
				455D9B7C21DE000F0035D99B /* AppDelegate.swift in Sources */,
				4500D8E6221587B40043F158 /* MemesCollectionViewController.swift in Sources */,
			);
			runOnlyForDeploymentPostprocessing = 0;
		};
/* End PBXSourcesBuildPhase section */

/* Begin PBXVariantGroup section */
		455D9B7F21DE000F0035D99B /* Main.storyboard */ = {
			isa = PBXVariantGroup;
			children = (
				455D9B8021DE000F0035D99B /* Base */,
			);
			name = Main.storyboard;
			sourceTree = "<group>";
		};
		455D9B8421DE00100035D99B /* LaunchScreen.storyboard */ = {
			isa = PBXVariantGroup;
			children = (
				455D9B8521DE00100035D99B /* Base */,
			);
			name = LaunchScreen.storyboard;
			sourceTree = "<group>";
		};
/* End PBXVariantGroup section */

/* Begin XCBuildConfiguration section */
		455D9B8821DE00100035D99B /* Debug */ = {
			isa = XCBuildConfiguration;
			buildSettings = {
				ALWAYS_SEARCH_USER_PATHS = NO;
				CLANG_ANALYZER_NONNULL = YES;
				CLANG_ANALYZER_NUMBER_OBJECT_CONVERSION = YES_AGGRESSIVE;
				CLANG_CXX_LANGUAGE_STANDARD = "gnu++14";
				CLANG_CXX_LIBRARY = "libc++";
				CLANG_ENABLE_MODULES = YES;
				CLANG_ENABLE_OBJC_ARC = YES;
				CLANG_ENABLE_OBJC_WEAK = YES;
				CLANG_WARN_BLOCK_CAPTURE_AUTORELEASING = YES;
				CLANG_WARN_BOOL_CONVERSION = YES;
				CLANG_WARN_COMMA = YES;
				CLANG_WARN_CONSTANT_CONVERSION = YES;
				CLANG_WARN_DEPRECATED_OBJC_IMPLEMENTATIONS = YES;
				CLANG_WARN_DIRECT_OBJC_ISA_USAGE = YES_ERROR;
				CLANG_WARN_DOCUMENTATION_COMMENTS = YES;
				CLANG_WARN_EMPTY_BODY = YES;
				CLANG_WARN_ENUM_CONVERSION = YES;
				CLANG_WARN_INFINITE_RECURSION = YES;
				CLANG_WARN_INT_CONVERSION = YES;
				CLANG_WARN_NON_LITERAL_NULL_CONVERSION = YES;
				CLANG_WARN_OBJC_IMPLICIT_RETAIN_SELF = YES;
				CLANG_WARN_OBJC_LITERAL_CONVERSION = YES;
				CLANG_WARN_OBJC_ROOT_CLASS = YES_ERROR;
				CLANG_WARN_RANGE_LOOP_ANALYSIS = YES;
				CLANG_WARN_STRICT_PROTOTYPES = YES;
				CLANG_WARN_SUSPICIOUS_MOVE = YES;
				CLANG_WARN_UNGUARDED_AVAILABILITY = YES_AGGRESSIVE;
				CLANG_WARN_UNREACHABLE_CODE = YES;
				CLANG_WARN__DUPLICATE_METHOD_MATCH = YES;
				CODE_SIGN_IDENTITY = "iPhone Developer";
				COPY_PHASE_STRIP = NO;
				DEBUG_INFORMATION_FORMAT = dwarf;
				ENABLE_STRICT_OBJC_MSGSEND = YES;
				ENABLE_TESTABILITY = YES;
				GCC_C_LANGUAGE_STANDARD = gnu11;
				GCC_DYNAMIC_NO_PIC = NO;
				GCC_NO_COMMON_BLOCKS = YES;
				GCC_OPTIMIZATION_LEVEL = 0;
				GCC_PREPROCESSOR_DEFINITIONS = (
					"DEBUG=1",
					"$(inherited)",
				);
				GCC_WARN_64_TO_32_BIT_CONVERSION = YES;
				GCC_WARN_ABOUT_RETURN_TYPE = YES_ERROR;
				GCC_WARN_UNDECLARED_SELECTOR = YES;
				GCC_WARN_UNINITIALIZED_AUTOS = YES_AGGRESSIVE;
				GCC_WARN_UNUSED_FUNCTION = YES;
				GCC_WARN_UNUSED_VARIABLE = YES;
				IPHONEOS_DEPLOYMENT_TARGET = 12.1;
				MTL_ENABLE_DEBUG_INFO = INCLUDE_SOURCE;
				MTL_FAST_MATH = YES;
				ONLY_ACTIVE_ARCH = YES;
				SDKROOT = iphoneos;
				SWIFT_ACTIVE_COMPILATION_CONDITIONS = DEBUG;
				SWIFT_OPTIMIZATION_LEVEL = "-Onone";
			};
			name = Debug;
		};
		455D9B8921DE00100035D99B /* Release */ = {
			isa = XCBuildConfiguration;
			buildSettings = {
				ALWAYS_SEARCH_USER_PATHS = NO;
				CLANG_ANALYZER_NONNULL = YES;
				CLANG_ANALYZER_NUMBER_OBJECT_CONVERSION = YES_AGGRESSIVE;
				CLANG_CXX_LANGUAGE_STANDARD = "gnu++14";
				CLANG_CXX_LIBRARY = "libc++";
				CLANG_ENABLE_MODULES = YES;
				CLANG_ENABLE_OBJC_ARC = YES;
				CLANG_ENABLE_OBJC_WEAK = YES;
				CLANG_WARN_BLOCK_CAPTURE_AUTORELEASING = YES;
				CLANG_WARN_BOOL_CONVERSION = YES;
				CLANG_WARN_COMMA = YES;
				CLANG_WARN_CONSTANT_CONVERSION = YES;
				CLANG_WARN_DEPRECATED_OBJC_IMPLEMENTATIONS = YES;
				CLANG_WARN_DIRECT_OBJC_ISA_USAGE = YES_ERROR;
				CLANG_WARN_DOCUMENTATION_COMMENTS = YES;
				CLANG_WARN_EMPTY_BODY = YES;
				CLANG_WARN_ENUM_CONVERSION = YES;
				CLANG_WARN_INFINITE_RECURSION = YES;
				CLANG_WARN_INT_CONVERSION = YES;
				CLANG_WARN_NON_LITERAL_NULL_CONVERSION = YES;
				CLANG_WARN_OBJC_IMPLICIT_RETAIN_SELF = YES;
				CLANG_WARN_OBJC_LITERAL_CONVERSION = YES;
				CLANG_WARN_OBJC_ROOT_CLASS = YES_ERROR;
				CLANG_WARN_RANGE_LOOP_ANALYSIS = YES;
				CLANG_WARN_STRICT_PROTOTYPES = YES;
				CLANG_WARN_SUSPICIOUS_MOVE = YES;
				CLANG_WARN_UNGUARDED_AVAILABILITY = YES_AGGRESSIVE;
				CLANG_WARN_UNREACHABLE_CODE = YES;
				CLANG_WARN__DUPLICATE_METHOD_MATCH = YES;
				CODE_SIGN_IDENTITY = "iPhone Developer";
				COPY_PHASE_STRIP = NO;
				DEBUG_INFORMATION_FORMAT = "dwarf-with-dsym";
				ENABLE_NS_ASSERTIONS = NO;
				ENABLE_STRICT_OBJC_MSGSEND = YES;
				GCC_C_LANGUAGE_STANDARD = gnu11;
				GCC_NO_COMMON_BLOCKS = YES;
				GCC_WARN_64_TO_32_BIT_CONVERSION = YES;
				GCC_WARN_ABOUT_RETURN_TYPE = YES_ERROR;
				GCC_WARN_UNDECLARED_SELECTOR = YES;
				GCC_WARN_UNINITIALIZED_AUTOS = YES_AGGRESSIVE;
				GCC_WARN_UNUSED_FUNCTION = YES;
				GCC_WARN_UNUSED_VARIABLE = YES;
				IPHONEOS_DEPLOYMENT_TARGET = 12.1;
				MTL_ENABLE_DEBUG_INFO = NO;
				MTL_FAST_MATH = YES;
				SDKROOT = iphoneos;
				SWIFT_COMPILATION_MODE = wholemodule;
				SWIFT_OPTIMIZATION_LEVEL = "-O";
				VALIDATE_PRODUCT = YES;
			};
			name = Release;
		};
		455D9B8B21DE00100035D99B /* Debug */ = {
			isa = XCBuildConfiguration;
			baseConfigurationReference = A1C39776338B9D51ED9F809F /* Pods-MemeMe.debug.xcconfig */;
			buildSettings = {
				ASSETCATALOG_COMPILER_APPICON_NAME = AppIcon;
				CODE_SIGN_STYLE = Automatic;
				DEVELOPMENT_TEAM = 7QPFWJDEF6;
				INFOPLIST_FILE = MemeMe/Info.plist;
				LD_RUNPATH_SEARCH_PATHS = (
					"$(inherited)",
					"@executable_path/Frameworks",
				);
				PRODUCT_BUNDLE_IDENTIFIER = com.gama.MemeMe;
				PRODUCT_NAME = "$(TARGET_NAME)";
				SWIFT_VERSION = 4.2;
				TARGETED_DEVICE_FAMILY = "1,2";
			};
			name = Debug;
		};
		455D9B8C21DE00100035D99B /* Release */ = {
			isa = XCBuildConfiguration;
			baseConfigurationReference = B6B30D0969F6D5115735A243 /* Pods-MemeMe.release.xcconfig */;
			buildSettings = {
				ASSETCATALOG_COMPILER_APPICON_NAME = AppIcon;
				CODE_SIGN_STYLE = Automatic;
				DEVELOPMENT_TEAM = 7QPFWJDEF6;
				INFOPLIST_FILE = MemeMe/Info.plist;
				LD_RUNPATH_SEARCH_PATHS = (
					"$(inherited)",
					"@executable_path/Frameworks",
				);
				PRODUCT_BUNDLE_IDENTIFIER = com.gama.MemeMe;
				PRODUCT_NAME = "$(TARGET_NAME)";
				SWIFT_VERSION = 4.2;
				TARGETED_DEVICE_FAMILY = "1,2";
			};
			name = Release;
		};
/* End XCBuildConfiguration section */

/* Begin XCConfigurationList section */
		455D9B7321DE000F0035D99B /* Build configuration list for PBXProject "MemeMe" */ = {
			isa = XCConfigurationList;
			buildConfigurations = (
				455D9B8821DE00100035D99B /* Debug */,
				455D9B8921DE00100035D99B /* Release */,
			);
			defaultConfigurationIsVisible = 0;
			defaultConfigurationName = Release;
		};
		455D9B8A21DE00100035D99B /* Build configuration list for PBXNativeTarget "MemeMe" */ = {
			isa = XCConfigurationList;
			buildConfigurations = (
				455D9B8B21DE00100035D99B /* Debug */,
				455D9B8C21DE00100035D99B /* Release */,
			);
			defaultConfigurationIsVisible = 0;
			defaultConfigurationName = Release;
		};
/* End XCConfigurationList section */
	};
	rootObject = 455D9B7021DE000F0035D99B /* Project object */;
}
